
Microsoft Visual Studio Solution File, Format Version 12.00
# Visual Studio Version 16
VisualStudioVersion = 16.0.31019.35
MinimumVisualStudioVersion = 10.0.40219.1
Project("{FAE04EC0-301F-11D3-BF4B-00C04F79EFBC}") = "MVVMtuto", "MVVMtuto\MVVMtuto.csproj", "{182E92D5-79AA-455B-BD25-390619CA4FCC}"
EndProject
Global
	GlobalSection(SolutionConfigurationPlatforms) = preSolution
		Debug|Any CPU = Debug|Any CPU
		Release|Any CPU = Release|Any CPU
	EndGlobalSection
	GlobalSection(ProjectConfigurationPlatforms) = postSolution
		{182E92D5-79AA-455B-BD25-390619CA4FCC}.Debug|Any CPU.ActiveCfg = Debug|Any CPU
		{182E92D5-79AA-455B-BD25-390619CA4FCC}.Debug|Any CPU.Build.0 = Debug|Any CPU
		{182E92D5-79AA-455B-BD25-390619CA4FCC}.Release|Any CPU.ActiveCfg = Release|Any CPU
		{182E92D5-79AA-455B-BD25-390619CA4FCC}.Release|Any CPU.Build.0 = Release|Any CPU
	EndGlobalSection
	GlobalSection(SolutionProperties) = preSolution
		HideSolutionNode = FALSE
	EndGlobalSection
	GlobalSection(ExtensibilityGlobals) = postSolution
		SolutionGuid = {4EFE0B52-EF75-46E5-92EB-784721B6566D}
	EndGlobalSection
EndGlobal
